<?xml version="1.0" encoding="utf-8"?>
<Project ToolsVersion="4.0" xmlns="http://schemas.microsoft.com/developer/msbuild/2003">
  <ItemGroup>
    <Filter Include="Source Files">
      <UniqueIdentifier>{4FC737F1-C7A5-4376-A066-2A32D752A2FF}</UniqueIdentifier>
      <Extensions>cpp;c;cc;cxx;c++;cppm;ixx;def;odl;idl;hpj;bat;asm;asmx</Extensions>
    </Filter>
    <Filter Include="Header Files">
      <UniqueIdentifier>{93995380-89BD-4b04-88EB-625FBE52EBFB}</UniqueIdentifier>
      <Extensions>h;hh;hpp;hxx;h++;hm;inl;inc;ipp;xsd</Extensions>
    </Filter>
    <Filter Include="Source Files\imgui">
      <UniqueIdentifier>{e98f05e0-70c3-4db0-9a77-990cf7228926}</UniqueIdentifier>
    </Filter>
    <Filter Include="Header Files\imgui">
      <UniqueIdentifier>{7f9af033-81e2-44c9-af1e-a9a713ab2083}</UniqueIdentifier>
    </Filter>
    <Filter Include="Header Files\rapidjson">
      <UniqueIdentifier>{5194cf1f-3e00-488a-ac36-0881b752bbd2}</UniqueIdentifier>
    </Filter>
    <Filter Include="Engine">
      <UniqueIdentifier>{1f13bab0-cc86-495a-bd61-9103db20cdeb}</UniqueIdentifier>
    </Filter>
    <Filter Include="Game">
      <UniqueIdentifier>{21151224-e8aa-435e-a256-bbdc0e98be68}</UniqueIdentifier>
    </Filter>
    <Filter Include="Engine\Systems">
      <UniqueIdentifier>{4911b27f-957e-488c-b588-8de42195d337}</UniqueIdentifier>
    </Filter>
    <Filter Include="Engine\Systems\Platform">
      <UniqueIdentifier>{94ec95c5-fe9e-4b0b-ab0b-41b033d724e2}</UniqueIdentifier>
    </Filter>
    <Filter Include="Engine\Systems\Debug">
      <UniqueIdentifier>{35a2fdc3-17cc-41a8-9530-6bd146dfe9e7}</UniqueIdentifier>
    </Filter>
    <Filter Include="Engine\Systems\Scene">
      <UniqueIdentifier>{358aaf0f-9beb-4093-b60f-dc94719c6f46}</UniqueIdentifier>
    </Filter>
    <Filter Include="Engine\Systems\Render">
      <UniqueIdentifier>{1d91243d-7016-4354-a2b6-55864bb154ea}</UniqueIdentifier>
    </Filter>
    <Filter Include="Engine\Systems\Physics">
      <UniqueIdentifier>{fcaed326-9e5b-4472-8aea-cb32ce5bc950}</UniqueIdentifier>
    </Filter>
    <Filter Include="Engine\Systems\ExampleSystem">
      <UniqueIdentifier>{ce724d9b-cf05-4e3b-8077-b87c91f114a5}</UniqueIdentifier>
    </Filter>
    <Filter Include="Engine\Entity">
      <UniqueIdentifier>{80f015c3-9063-413e-bce3-1f9d424969b4}</UniqueIdentifier>
    </Filter>
    <Filter Include="Engine\Entity\Component">
      <UniqueIdentifier>{bbebb13f-15ac-4bdd-80dc-0cad07cd2a7d}</UniqueIdentifier>
    </Filter>
    <Filter Include="Engine\Entity\Component\Transform">
      <UniqueIdentifier>{898b8581-89b9-4d97-ba37-c4ea3c3c4bb5}</UniqueIdentifier>
    </Filter>
    <Filter Include="Engine\Systems\Render\Mesh">
      <UniqueIdentifier>{dc9586ac-3bd2-48df-8f04-975e142cb371}</UniqueIdentifier>
    </Filter>
    <Filter Include="Engine\Systems\Render\Shader">
      <UniqueIdentifier>{204bbd04-68c1-4367-9897-c58703fca321}</UniqueIdentifier>
    </Filter>
    <Filter Include="Engine\Systems\AudioSystem">
      <UniqueIdentifier>{83b43373-cf0c-4350-87ba-c9ca68c4c58a}</UniqueIdentifier>
    </Filter>
    <Filter Include="Engine\Systems\AudioSystem\Sound">
      <UniqueIdentifier>{d2640bbd-cee1-4b6d-a8a2-93acd7001ddf}</UniqueIdentifier>
    </Filter>
    <Filter Include="Engine\Systems\Render\Texture">
      <UniqueIdentifier>{96fa4141-f9df-4367-886e-449a37f34105}</UniqueIdentifier>
    </Filter>
    <Filter Include="Engine\Entity\Component\Sprite">
      <UniqueIdentifier>{0b2d7c16-b492-4fc6-8711-cea7ff213522}</UniqueIdentifier>
    </Filter>
    <Filter Include="Engine\Systems\Behavior">
      <UniqueIdentifier>{9409e403-6435-4204-8018-078cfa5ac289}</UniqueIdentifier>
    </Filter>
    <Filter Include="Engine\Entity\Component\Collider">
      <UniqueIdentifier>{d9911df2-a594-4ecf-8716-6849d3dae861}</UniqueIdentifier>
    </Filter>
    <Filter Include="Game\SandboxSystem">
      <UniqueIdentifier>{2e6eff95-6e99-4d15-bb46-87a201aa10e7}</UniqueIdentifier>
    </Filter>
    <Filter Include="Engine\Entity\Component\AudioPlayer">
      <UniqueIdentifier>{b2ec916e-61a2-44ac-811c-cf0238123628}</UniqueIdentifier>
    </Filter>
    <Filter Include="Engine\Entity\Component\Behavior">
      <UniqueIdentifier>{d83d07ff-93d2-4b77-b092-2feff66710aa}</UniqueIdentifier>
    </Filter>
    <Filter Include="Engine\Entity\Component\Behavior\RigidBody">
      <UniqueIdentifier>{b80ae33f-b97e-4efd-b564-cef386ad417e}</UniqueIdentifier>
    </Filter>
    <Filter Include="Engine\Systems\EntitySystem">
      <UniqueIdentifier>{16d49db4-9cb6-4616-86c4-1ca3f922cb39}</UniqueIdentifier>
    </Filter>
    <Filter Include="Engine\Systems\InputSystem">
      <UniqueIdentifier>{0893dc40-55cd-4415-9bf5-ab5b8891f614}</UniqueIdentifier>
    </Filter>
    <Filter Include="Engine\Framework">
      <UniqueIdentifier>{2a6e3717-c621-401c-a6a4-e90a03d3026e}</UniqueIdentifier>
    </Filter>
    <Filter Include="Engine\Entity\Component\Collider\LineCollider">
      <UniqueIdentifier>{64072ae1-b05f-4915-bd9e-84b36d8ae679}</UniqueIdentifier>
    </Filter>
    <Filter Include="Data">
      <UniqueIdentifier>{93c4d7b5-a3df-4eb6-ae45-9a5eac6d1d02}</UniqueIdentifier>
    </Filter>
    <Filter Include="Engine\Entity\Component\Behavior\Movement Behavior">
      <UniqueIdentifier>{a0e6b571-78e0-48db-aefd-8e9493c83f24}</UniqueIdentifier>
    </Filter>
  </ItemGroup>
  <ItemGroup>
    <ClCompile Include="imgui\imgui.cpp">
      <Filter>Source Files\imgui</Filter>
    </ClCompile>
    <ClCompile Include="imgui\imgui_demo.cpp">
      <Filter>Source Files\imgui</Filter>
    </ClCompile>
    <ClCompile Include="imgui\imgui_draw.cpp">
      <Filter>Source Files\imgui</Filter>
    </ClCompile>
    <ClCompile Include="imgui\imgui_impl_glfw.cpp">
      <Filter>Source Files\imgui</Filter>
    </ClCompile>
    <ClCompile Include="imgui\imgui_impl_opengl3.cpp">
      <Filter>Source Files\imgui</Filter>
    </ClCompile>
    <ClCompile Include="imgui\imgui_tables.cpp">
      <Filter>Source Files\imgui</Filter>
    </ClCompile>
    <ClCompile Include="imgui\imgui_widgets.cpp">
      <Filter>Source Files\imgui</Filter>
    </ClCompile>
    <ClCompile Include="Source\DebugSystem.cpp">
      <Filter>Engine\Systems\Debug</Filter>
    </ClCompile>
    <ClCompile Include="Source\main.cpp">
      <Filter>Source Files</Filter>
    </ClCompile>
    <ClCompile Include="Source\Engine.cpp">
      <Filter>Engine</Filter>
    </ClCompile>
    <ClCompile Include="Source\PlatformSystem.cpp">
      <Filter>Engine\Systems\Platform</Filter>
    </ClCompile>
    <ClCompile Include="Source\Entity.cpp">
      <Filter>Engine\Entity</Filter>
    </ClCompile>
    <ClCompile Include="Source\Component.cpp">
      <Filter>Engine\Entity\Component</Filter>
    </ClCompile>
    <ClCompile Include="Source\Component.cpp">
      <Filter>Engine\Systems</Filter>
    </ClCompile>
    <ClCompile Include="Source\GUI.cpp">
      <Filter>Engine\Systems\Debug</Filter>
    </ClCompile>
    <ClCompile Include="Source\Entity.cpp">
      <Filter>Engine\Systems\Entity</Filter>
    </ClCompile>
    <ClCompile Include="Source\ExampleSystem.cpp">
      <Filter>Engine\Systems\ExampleSystem</Filter>
    </ClCompile>
    <ClCompile Include="Source\Transform.cpp">
      <Filter>Engine\Entity\Component\Transform</Filter>
    </ClCompile>
    <ClCompile Include="Source\SceneSystem.cpp">
      <Filter>Engine\Systems\Scene</Filter>
    </ClCompile>
    <ClCompile Include="Source\RenderSystem.cpp">
      <Filter>Engine\Systems\Render</Filter>
    </ClCompile>
    <ClCompile Include="Source\Mesh.cpp">
      <Filter>Engine\Systems\Render\Mesh</Filter>
    </ClCompile>
    <ClCompile Include="Source\Shader.cpp">
      <Filter>Engine\Systems\Render\Shader</Filter>
    </ClCompile>
    <ClCompile Include="Source\AudioSystem.cpp">
      <Filter>Engine\Systems\AudioSystem</Filter>
    </ClCompile>
    <ClCompile Include="Source\Sound.cpp">
      <Filter>Engine\Systems\AudioSystem\Sound</Filter>
    </ClCompile>
    <ClCompile Include="Source\Texture.cpp">
      <Filter>Engine\Systems\Render\Texture</Filter>
    </ClCompile>
    <ClCompile Include="Source\Sprite.cpp">
      <Filter>Engine\Entity\Component\Sprite</Filter>
    </ClCompile>
    <ClCompile Include="Source\PhysicsSystem.cpp">
      <Filter>Engine\Systems\Physics</Filter>
    </ClCompile>
    <ClCompile Include="Source\SandboxSystem.cpp">
      <Filter>Game\SandboxSystem</Filter>
    </ClCompile>
    <ClCompile Include="Source\AudioPlayer.cpp">
      <Filter>Engine\Entity\Component\AudioPlayer</Filter>
    </ClCompile>
    <ClCompile Include="Source\Collider.cpp">
      <Filter>Engine\Entity\Component\Collider</Filter>
    </ClCompile>
    <ClCompile Include="Source\InputSystem.cpp">
      <Filter>Engine\Systems\InputSystem</Filter>
    </ClCompile>
    <ClCompile Include="Source\Stream.cpp">
      <Filter>Engine\Framework</Filter>
    </ClCompile>
    <ClCompile Include="Source\LinesCollider.cpp">
      <Filter>Engine\Entity\Component\Collider\LineCollider</Filter>
    </ClCompile>
    <ClCompile Include="Source\BehaviorSystem.cpp">
      <Filter>Engine\Systems\Behavior</Filter>
    </ClCompile>
    <ClCompile Include="Source\MovementAI.cpp">
      <Filter>Engine\Entity\Component\Behavior\Movement Behavior</Filter>
    </ClCompile>
    <ClCompile Include="Source\EntitySystem.cpp">
      <Filter>Engine\Systems\EntitySystem</Filter>
    </ClCompile>
    <ClCompile Include="Source\RigidBody.cpp">
      <Filter>Engine\Entity\Component\Behavior\RigidBody</Filter>
    </ClCompile>
  </ItemGroup>
  <ItemGroup>
    <ClInclude Include="imgui\imconfig.h">
      <Filter>Header Files\imgui</Filter>
    </ClInclude>
    <ClInclude Include="imgui\imgui.h">
      <Filter>Header Files\imgui</Filter>
    </ClInclude>
    <ClInclude Include="imgui\imgui_impl_glfw.h">
      <Filter>Header Files\imgui</Filter>
    </ClInclude>
    <ClInclude Include="imgui\imgui_impl_opengl3.h">
      <Filter>Header Files\imgui</Filter>
    </ClInclude>
    <ClInclude Include="imgui\imgui_internal.h">
      <Filter>Header Files\imgui</Filter>
    </ClInclude>
    <ClInclude Include="imgui\imstb_rectpack.h">
      <Filter>Header Files\imgui</Filter>
    </ClInclude>
    <ClInclude Include="imgui\imstb_textedit.h">
      <Filter>Header Files\imgui</Filter>
    </ClInclude>
    <ClInclude Include="imgui\imstb_truetype.h">
      <Filter>Header Files\imgui</Filter>
    </ClInclude>
    <ClInclude Include="imgui\imgui_impl_opengl3_loader.h">
      <Filter>Header Files\imgui</Filter>
    </ClInclude>
    <ClInclude Include="Source\basics.h">
      <Filter>Header Files</Filter>
    </ClInclude>
    <ClInclude Include="Source\DebugSystem.h">
      <Filter>Engine\Systems\Debug</Filter>
    </ClInclude>
    <ClInclude Include="Source\Engine.h">
      <Filter>Engine</Filter>
    </ClInclude>
    <ClInclude Include="Source\System.h">
      <Filter>Engine\Systems</Filter>
    </ClInclude>
    <ClInclude Include="Source\PlatformSystem.h">
      <Filter>Engine\Systems\Platform</Filter>
    </ClInclude>
    <ClInclude Include="Source\Entity.h">
      <Filter>Engine\Entity</Filter>
    </ClInclude>
    <ClInclude Include="Source\Component.h">
      <Filter>Engine\Entity\Component</Filter>
    </ClInclude>
    <ClInclude Include="Source\GUI.h">
      <Filter>Engine\Systems\Debug</Filter>
    </ClInclude>
    <ClInclude Include="Source\Component.h">
      <Filter>Engine\Entities\Components</Filter>
    </ClInclude>
    <ClInclude Include="Source\Entity.h">
      <Filter>Engine\Entities</Filter>
    </ClInclude>
    <ClInclude Include="Source\Transform.h">
      <Filter>Engine\Entity\Component\Transform</Filter>
    </ClInclude>
    <ClInclude Include="Source\Transform.h">
      <Filter>Engine\Systems\Entity\Component\Transform</Filter>
    </ClInclude>
    <ClInclude Include="Source\Entity.h">
      <Filter>Engine\Systems\Entity</Filter>
    </ClInclude>
    <ClInclude Include="Source\ExampleSystem.h">
      <Filter>Engine\Systems\ExampleSystem</Filter>
    </ClInclude>
    <ClInclude Include="Source\SceneSystem.h">
      <Filter>Engine\Systems\Scene</Filter>
    </ClInclude>
    <ClInclude Include="Source\RenderSystem.h">
      <Filter>Engine\Systems\Render</Filter>
    </ClInclude>
    <ClInclude Include="Source\Mesh.h">
      <Filter>Engine\Systems\Render\Mesh</Filter>
    </ClInclude>
    <ClInclude Include="Source\Shader.h">
      <Filter>Engine\Systems\Render\Shader</Filter>
    </ClInclude>
    <ClInclude Include="Source\Texture.h">
      <Filter>Engine\Systems\Render\Texture</Filter>
    </ClInclude>
    <ClInclude Include="Source\Sprite.h">
      <Filter>Engine\Entity\Component\Sprite</Filter>
    </ClInclude>
    <ClInclude Include="Source\PhysicsSystem.h">
      <Filter>Engine\Systems\Physics</Filter>
    </ClInclude>
    <ClInclude Include="Source\SandboxSystem.h">
      <Filter>Game\SandboxSystem</Filter>
    </ClInclude>
    <ClInclude Include="Source\AudioPlayer.h">
      <Filter>Engine\Entity\Component\AudioPlayer</Filter>
    </ClInclude>
    <ClInclude Include="Source\Behavior.h">
      <Filter>Engine\Entity\Component\Behavior</Filter>
    </ClInclude>
    <ClInclude Include="Source\InputSystem.h">
      <Filter>Engine\Systems\InputSystem</Filter>
    </ClInclude>
    <ClInclude Include="Source\AudioSystem.h">
      <Filter>Engine\Systems\AudioSystem</Filter>
    </ClInclude>
    <ClInclude Include="Source\Sound.h">
      <Filter>Engine\Systems\AudioSystem\Sound</Filter>
    </ClInclude>
    <ClInclude Include="Source\Stream.h">
      <Filter>Engine\Framework</Filter>
    </ClInclude>
    <ClInclude Include="Source\LinesCollider.h">
      <Filter>Engine\Entity\Component\Collider\LineCollider</Filter>
    </ClInclude>
    <ClInclude Include="Source\Collider.h">
      <Filter>Engine\Entity\Component\Collider</Filter>
    </ClInclude>
    <ClInclude Include="Source\BehaviorSystem.h">
      <Filter>Engine\Systems\Behavior</Filter>
    </ClInclude>
    <ClInclude Include="Source\MovementAI.h">
      <Filter>Engine\Entity\Component\Behavior\Movement Behavior</Filter>
    </ClInclude>
    <ClInclude Include="Source\EntitySystem.h">
      <Filter>Engine\Systems\EntitySystem</Filter>
    </ClInclude>
    <ClInclude Include="Source\RigidBody.h">
      <Filter>Engine\Entity\Component\Behavior\RigidBody</Filter>
    </ClInclude>
  </ItemGroup>
  <ItemGroup>
    <None Include="Data\EngineConfig.json">
      <Filter>Data</Filter>
    </None>
  </ItemGroup>
</Project>