<?xml version="1.0" encoding="utf-8"?>
<Project ToolsVersion="4.0" xmlns="http://schemas.microsoft.com/developer/msbuild/2003">
  <ItemGroup>
    <Filter Include="Source Files">
      <UniqueIdentifier>{4FC737F1-C7A5-4376-A066-2A32D752A2FF}</UniqueIdentifier>
      <Extensions>cpp;c;cc;cxx;c++;cppm;ixx;def;odl;idl;hpj;bat;asm;asmx</Extensions>
    </Filter>
    <Filter Include="Header Files">
      <UniqueIdentifier>{93995380-89BD-4b04-88EB-625FBE52EBFB}</UniqueIdentifier>
      <Extensions>h;hh;hpp;hxx;h++;hm;inl;inc;ipp;xsd</Extensions>
    </Filter>
    <Filter Include="Source Files\imgui">
      <UniqueIdentifier>{e98f05e0-70c3-4db0-9a77-990cf7228926}</UniqueIdentifier>
    </Filter>
    <Filter Include="Header Files\imgui">
      <UniqueIdentifier>{7f9af033-81e2-44c9-af1e-a9a713ab2083}</UniqueIdentifier>
    </Filter>
    <Filter Include="Header Files\rapidjson">
      <UniqueIdentifier>{5194cf1f-3e00-488a-ac36-0881b752bbd2}</UniqueIdentifier>
    </Filter>
    <Filter Include="Engine">
      <UniqueIdentifier>{1f13bab0-cc86-495a-bd61-9103db20cdeb}</UniqueIdentifier>
    </Filter>
    <Filter Include="Game">
      <UniqueIdentifier>{21151224-e8aa-435e-a256-bbdc0e98be68}</UniqueIdentifier>
    </Filter>
    <Filter Include="Engine\Systems">
      <UniqueIdentifier>{4911b27f-957e-488c-b588-8de42195d337}</UniqueIdentifier>
    </Filter>
    <Filter Include="Engine\Systems\Platform">
      <UniqueIdentifier>{94ec95c5-fe9e-4b0b-ab0b-41b033d724e2}</UniqueIdentifier>
    </Filter>
    <Filter Include="Engine\Systems\Debug">
      <UniqueIdentifier>{35a2fdc3-17cc-41a8-9530-6bd146dfe9e7}</UniqueIdentifier>
    </Filter>
    <Filter Include="Engine\Systems\Scene">
      <UniqueIdentifier>{358aaf0f-9beb-4093-b60f-dc94719c6f46}</UniqueIdentifier>
    </Filter>
    <Filter Include="Engine\Systems\Render">
      <UniqueIdentifier>{1d91243d-7016-4354-a2b6-55864bb154ea}</UniqueIdentifier>
    </Filter>
    <Filter Include="Engine\Systems\Physics">
      <UniqueIdentifier>{fcaed326-9e5b-4472-8aea-cb32ce5bc950}</UniqueIdentifier>
    </Filter>
    <Filter Include="Engine\Systems\ExampleSystem">
      <UniqueIdentifier>{ce724d9b-cf05-4e3b-8077-b87c91f114a5}</UniqueIdentifier>
    </Filter>
    <Filter Include="Engine\Entity">
      <UniqueIdentifier>{80f015c3-9063-413e-bce3-1f9d424969b4}</UniqueIdentifier>
    </Filter>
    <Filter Include="Engine\Entity\Component">
      <UniqueIdentifier>{bbebb13f-15ac-4bdd-80dc-0cad07cd2a7d}</UniqueIdentifier>
    </Filter>
    <Filter Include="Engine\Entity\Component\Transform">
      <UniqueIdentifier>{898b8581-89b9-4d97-ba37-c4ea3c3c4bb5}</UniqueIdentifier>
    </Filter>
    <Filter Include="Engine\Entity\Component\Ridged Body">
      <UniqueIdentifier>{b80ae33f-b97e-4efd-b564-cef386ad417e}</UniqueIdentifier>
    </Filter>
    <Filter Include="Engine\Systems\Render\Mesh">
      <UniqueIdentifier>{dc9586ac-3bd2-48df-8f04-975e142cb371}</UniqueIdentifier>
    </Filter>
    <Filter Include="Engine\Systems\Render\Shader">
      <UniqueIdentifier>{204bbd04-68c1-4367-9897-c58703fca321}</UniqueIdentifier>
    </Filter>
    <Filter Include="Engine\Framework">
      <UniqueIdentifier>{1df13f59-c171-419c-b6f6-6903cce4b837}</UniqueIdentifier>
    </Filter>
  </ItemGroup>
  <ItemGroup>
    <ClCompile Include="imgui\imgui.cpp">
      <Filter>Source Files\imgui</Filter>
    </ClCompile>
    <ClCompile Include="imgui\imgui_demo.cpp">
      <Filter>Source Files\imgui</Filter>
    </ClCompile>
    <ClCompile Include="imgui\imgui_draw.cpp">
      <Filter>Source Files\imgui</Filter>
    </ClCompile>
    <ClCompile Include="imgui\imgui_impl_glfw.cpp">
      <Filter>Source Files\imgui</Filter>
    </ClCompile>
    <ClCompile Include="imgui\imgui_impl_opengl3.cpp">
      <Filter>Source Files\imgui</Filter>
    </ClCompile>
    <ClCompile Include="imgui\imgui_tables.cpp">
      <Filter>Source Files\imgui</Filter>
    </ClCompile>
    <ClCompile Include="imgui\imgui_widgets.cpp">
      <Filter>Source Files\imgui</Filter>
    </ClCompile>
    <ClCompile Include="Source\DebugSystem.cpp">
      <Filter>Engine\Systems\Debug</Filter>
    </ClCompile>
    <ClCompile Include="Source\main.cpp">
      <Filter>Source Files</Filter>
    </ClCompile>
    <ClCompile Include="Source\Engine.cpp">
      <Filter>Engine</Filter>
    </ClCompile>
    <ClCompile Include="Source\System.cpp">
      <Filter>Engine\Systems</Filter>
    </ClCompile>
    <ClCompile Include="Source\PlatformSystem.cpp">
      <Filter>Engine\Systems\Platform</Filter>
    </ClCompile>
    <ClCompile Include="Source\Entity.cpp">
      <Filter>Engine\Entity</Filter>
    </ClCompile>
    <ClCompile Include="Source\Component.cpp">
      <Filter>Engine\Entity\Component</Filter>
    </ClCompile>
    <ClCompile Include="Source\System.cpp">
      <Filter>Engine\Systems</Filter>
    </ClCompile>
    <ClCompile Include="Source\Component.cpp">
      <Filter>Engine\Systems</Filter>
    </ClCompile>
    <ClCompile Include="Source\GUI.cpp">
      <Filter>Engine\Systems\Debug</Filter>
    </ClCompile>
    <ClCompile Include="Source\Entity.cpp">
      <Filter>Engine\Systems\Entity</Filter>
    </ClCompile>
    <ClCompile Include="Source\ExampleSystem.cpp">
      <Filter>Engine\Systems\ExampleSystem</Filter>
    </ClCompile>
    <ClCompile Include="Source\Transform.cpp">
      <Filter>Engine\Entity\Component\Transform</Filter>
    </ClCompile>
    <ClCompile Include="Source\SceneSystem.cpp">
      <Filter>Engine\Systems\Scene</Filter>
    </ClCompile>
    <ClCompile Include="Source\RidgedBody.cpp">
      <Filter>Engine\Entity\Component\Ridged Body</Filter>
    </ClCompile>
    <ClCompile Include="Source\RenderSystem.cpp">
      <Filter>Engine\Systems\Render</Filter>
    </ClCompile>
    <ClCompile Include="Source\Mesh.cpp">
      <Filter>Engine\Systems\Render\Mesh</Filter>
    </ClCompile>
    <ClCompile Include="Source\Shader.cpp">
      <Filter>Engine\Systems\Render\Shader</Filter>
    </ClCompile>
    <ClCompile Include="Source\Stream.cpp">
      <Filter>Engine\Framework</Filter>
    </ClCompile>
  </ItemGroup>
  <ItemGroup>
    <ClInclude Include="imgui\imconfig.h">
      <Filter>Header Files\imgui</Filter>
    </ClInclude>
    <ClInclude Include="imgui\imgui.h">
      <Filter>Header Files\imgui</Filter>
    </ClInclude>
    <ClInclude Include="imgui\imgui_impl_glfw.h">
      <Filter>Header Files\imgui</Filter>
    </ClInclude>
    <ClInclude Include="imgui\imgui_impl_opengl3.h">
      <Filter>Header Files\imgui</Filter>
    </ClInclude>
    <ClInclude Include="imgui\imgui_internal.h">
      <Filter>Header Files\imgui</Filter>
    </ClInclude>
    <ClInclude Include="imgui\imstb_rectpack.h">
      <Filter>Header Files\imgui</Filter>
    </ClInclude>
    <ClInclude Include="imgui\imstb_textedit.h">
      <Filter>Header Files\imgui</Filter>
    </ClInclude>
    <ClInclude Include="imgui\imstb_truetype.h">
      <Filter>Header Files\imgui</Filter>
    </ClInclude>
    <ClInclude Include="imgui\imgui_impl_opengl3_loader.h">
      <Filter>Header Files\imgui</Filter>
    </ClInclude>
    <ClInclude Include="Source\basics.h">
      <Filter>Header Files</Filter>
    </ClInclude>
    <ClInclude Include="Source\DebugSystem.h">
      <Filter>Engine\Systems\Debug</Filter>
    </ClInclude>
    <ClInclude Include="Source\Engine.h">
      <Filter>Engine</Filter>
    </ClInclude>
    <ClInclude Include="Source\System.h">
      <Filter>Engine\Systems</Filter>
    </ClInclude>
    <ClInclude Include="Source\PlatformSystem.h">
      <Filter>Engine\Systems\Platform</Filter>
    </ClInclude>
    <ClInclude Include="Source\Entity.h">
      <Filter>Engine\Entity</Filter>
    </ClInclude>
    <ClInclude Include="Source\Component.h">
      <Filter>Engine\Entity\Component</Filter>
    </ClInclude>
    <ClInclude Include="Source\GUI.h">
      <Filter>Engine\Systems\Debug</Filter>
    </ClInclude>
    <ClInclude Include="Source\Component.h">
      <Filter>Engine\Entities\Components</Filter>
    </ClInclude>
    <ClInclude Include="Source\Entity.h">
      <Filter>Engine\Entities</Filter>
    </ClInclude>
    <ClInclude Include="Source\Transform.h">
      <Filter>Engine\Entity\Component\Transform</Filter>
    </ClInclude>
    <ClInclude Include="Source\Transform.h">
      <Filter>Engine\Systems\Entity\Component\Transform</Filter>
    </ClInclude>
    <ClInclude Include="Source\Entity.h">
      <Filter>Engine\Systems\Entity</Filter>
    </ClInclude>
    <ClInclude Include="Source\ExampleSystem.h">
      <Filter>Engine\Systems\ExampleSystem</Filter>
    </ClInclude>
    <ClInclude Include="Source\SceneSystem.h">
      <Filter>Engine\Systems\Scene</Filter>
    </ClInclude>
    <ClInclude Include="Source\RidgedBody.h">
      <Filter>Engine\Entity\Component\Ridged Body</Filter>
    </ClInclude>
    <ClInclude Include="Source\RenderSystem.h">
      <Filter>Engine\Systems\Render</Filter>
    </ClInclude>
    <ClInclude Include="Source\Mesh.h">
      <Filter>Engine\Systems\Render\Mesh</Filter>
    </ClInclude>
    <ClInclude Include="Source\Shader.h">
      <Filter>Engine\Systems\Render\Shader</Filter>
    </ClInclude>
    <ClInclude Include="Source\Stream.h">
      <Filter>Engine\Framework</Filter>
    </ClInclude>
  </ItemGroup>
</Project>